// !$*UTF8*$!
{
	archiveVersion = 1;
	classes = {
	};
	objectVersion = 56;
	objects = {

/* Begin PBXBuildFile section */
		D07A0D6A29152E4B00D49B06 /* screenshot2.png in Resources */ = {isa = PBXBuildFile; fileRef = D07A0D6829152E4B00D49B06 /* screenshot2.png */; };
		D07A0D6B29152E4B00D49B06 /* screenshot1.png in Resources */ = {isa = PBXBuildFile; fileRef = D07A0D6929152E4B00D49B06 /* screenshot1.png */; };
		D0A9701F291019C400FA6697 /* AppDelegate.swift in Sources */ = {isa = PBXBuildFile; fileRef = D0A9701E291019C400FA6697 /* AppDelegate.swift */; };
		D0A97021291019C400FA6697 /* SceneDelegate.swift in Sources */ = {isa = PBXBuildFile; fileRef = D0A97020291019C400FA6697 /* SceneDelegate.swift */; };
		D0A97023291019C400FA6697 /* MainViewController.swift in Sources */ = {isa = PBXBuildFile; fileRef = D0A97022291019C400FA6697 /* MainViewController.swift */; };
		D0A97028291019CC00FA6697 /* Assets.xcassets in Resources */ = {isa = PBXBuildFile; fileRef = D0A97027291019CC00FA6697 /* Assets.xcassets */; };
		D0A9702B291019CC00FA6697 /* LaunchScreen.storyboard in Resources */ = {isa = PBXBuildFile; fileRef = D0A97029291019CC00FA6697 /* LaunchScreen.storyboard */; };
		D0A97036291019CD00FA6697 /* Magic8Ball_CourseTaskTests.swift in Sources */ = {isa = PBXBuildFile; fileRef = D0A97035291019CD00FA6697 /* Magic8Ball_CourseTaskTests.swift */; };
		D0A97040291019CD00FA6697 /* Magic8Ball_CourseTaskUITests.swift in Sources */ = {isa = PBXBuildFile; fileRef = D0A9703F291019CD00FA6697 /* Magic8Ball_CourseTaskUITests.swift */; };
		D0A97042291019CD00FA6697 /* Magic8Ball_CourseTaskUITestsLaunchTests.swift in Sources */ = {isa = PBXBuildFile; fileRef = D0A97041291019CD00FA6697 /* Magic8Ball_CourseTaskUITestsLaunchTests.swift */; };
		D0A9704F29101C7000FA6697 /* Constants.swift in Sources */ = {isa = PBXBuildFile; fileRef = D0A9704E29101C7000FA6697 /* Constants.swift */; };
		D0A970532910295F00FA6697 /* MainViewIO.swift in Sources */ = {isa = PBXBuildFile; fileRef = D0A970522910295F00FA6697 /* MainViewIO.swift */; };
		D0A9705529102DCD00FA6697 /* MainPresenter.swift in Sources */ = {isa = PBXBuildFile; fileRef = D0A9705429102DCD00FA6697 /* MainPresenter.swift */; };
		D0A9705729102E7F00FA6697 /* Answer.swift in Sources */ = {isa = PBXBuildFile; fileRef = D0A9705629102E7F00FA6697 /* Answer.swift */; };
		D0A97059291030FB00FA6697 /* Assembly.swift in Sources */ = {isa = PBXBuildFile; fileRef = D0A97058291030FB00FA6697 /* Assembly.swift */; };
		D0A9705F291044EC00FA6697 /* MainPresentetTest.swift in Sources */ = {isa = PBXBuildFile; fileRef = D0A9705E291044EB00FA6697 /* MainPresentetTest.swift */; };
/* End PBXBuildFile section */

/* Begin PBXContainerItemProxy section */
		D0A97032291019CD00FA6697 /* PBXContainerItemProxy */ = {
			isa = PBXContainerItemProxy;
			containerPortal = D0A97013291019C400FA6697 /* Project object */;
			proxyType = 1;
			remoteGlobalIDString = D0A9701A291019C400FA6697;
			remoteInfo = Magic8Ball_CourseTask;
		};
		D0A9703C291019CD00FA6697 /* PBXContainerItemProxy */ = {
			isa = PBXContainerItemProxy;
			containerPortal = D0A97013291019C400FA6697 /* Project object */;
			proxyType = 1;
			remoteGlobalIDString = D0A9701A291019C400FA6697;
			remoteInfo = Magic8Ball_CourseTask;
		};
/* End PBXContainerItemProxy section */

/* Begin PBXFileReference section */
		D07A0D6829152E4B00D49B06 /* screenshot2.png */ = {isa = PBXFileReference; lastKnownFileType = image.png; path = screenshot2.png; sourceTree = "<group>"; };
		D07A0D6929152E4B00D49B06 /* screenshot1.png */ = {isa = PBXFileReference; lastKnownFileType = image.png; path = screenshot1.png; sourceTree = "<group>"; };
		D0A9701B291019C400FA6697 /* Magic8Ball_CourseTask.app */ = {isa = PBXFileReference; explicitFileType = wrapper.application; includeInIndex = 0; path = Magic8Ball_CourseTask.app; sourceTree = BUILT_PRODUCTS_DIR; };
		D0A9701E291019C400FA6697 /* AppDelegate.swift */ = {isa = PBXFileReference; lastKnownFileType = sourcecode.swift; path = AppDelegate.swift; sourceTree = "<group>"; };
		D0A97020291019C400FA6697 /* SceneDelegate.swift */ = {isa = PBXFileReference; lastKnownFileType = sourcecode.swift; path = SceneDelegate.swift; sourceTree = "<group>"; };
		D0A97022291019C400FA6697 /* MainViewController.swift */ = {isa = PBXFileReference; lastKnownFileType = sourcecode.swift; path = MainViewController.swift; sourceTree = "<group>"; };
		D0A97027291019CC00FA6697 /* Assets.xcassets */ = {isa = PBXFileReference; lastKnownFileType = folder.assetcatalog; path = Assets.xcassets; sourceTree = "<group>"; };
		D0A9702A291019CC00FA6697 /* Base */ = {isa = PBXFileReference; lastKnownFileType = file.storyboard; name = Base; path = Base.lproj/LaunchScreen.storyboard; sourceTree = "<group>"; };
		D0A9702C291019CC00FA6697 /* Info.plist */ = {isa = PBXFileReference; lastKnownFileType = text.plist.xml; path = Info.plist; sourceTree = "<group>"; };
		D0A97031291019CD00FA6697 /* Magic8Ball_CourseTaskTests.xctest */ = {isa = PBXFileReference; explicitFileType = wrapper.cfbundle; includeInIndex = 0; path = Magic8Ball_CourseTaskTests.xctest; sourceTree = BUILT_PRODUCTS_DIR; };
		D0A97035291019CD00FA6697 /* Magic8Ball_CourseTaskTests.swift */ = {isa = PBXFileReference; lastKnownFileType = sourcecode.swift; path = Magic8Ball_CourseTaskTests.swift; sourceTree = "<group>"; };
		D0A9703B291019CD00FA6697 /* Magic8Ball_CourseTaskUITests.xctest */ = {isa = PBXFileReference; explicitFileType = wrapper.cfbundle; includeInIndex = 0; path = Magic8Ball_CourseTaskUITests.xctest; sourceTree = BUILT_PRODUCTS_DIR; };
		D0A9703F291019CD00FA6697 /* Magic8Ball_CourseTaskUITests.swift */ = {isa = PBXFileReference; lastKnownFileType = sourcecode.swift; path = Magic8Ball_CourseTaskUITests.swift; sourceTree = "<group>"; };
		D0A97041291019CD00FA6697 /* Magic8Ball_CourseTaskUITestsLaunchTests.swift */ = {isa = PBXFileReference; lastKnownFileType = sourcecode.swift; path = Magic8Ball_CourseTaskUITestsLaunchTests.swift; sourceTree = "<group>"; };
		D0A9704E29101C7000FA6697 /* Constants.swift */ = {isa = PBXFileReference; lastKnownFileType = sourcecode.swift; path = Constants.swift; sourceTree = "<group>"; };
		D0A970522910295F00FA6697 /* MainViewIO.swift */ = {isa = PBXFileReference; lastKnownFileType = sourcecode.swift; path = MainViewIO.swift; sourceTree = "<group>"; };
		D0A9705429102DCD00FA6697 /* MainPresenter.swift */ = {isa = PBXFileReference; lastKnownFileType = sourcecode.swift; path = MainPresenter.swift; sourceTree = "<group>"; };
		D0A9705629102E7F00FA6697 /* Answer.swift */ = {isa = PBXFileReference; lastKnownFileType = sourcecode.swift; path = Answer.swift; sourceTree = "<group>"; };
		D0A97058291030FB00FA6697 /* Assembly.swift */ = {isa = PBXFileReference; lastKnownFileType = sourcecode.swift; path = Assembly.swift; sourceTree = "<group>"; };
		D0A9705E291044EB00FA6697 /* MainPresentetTest.swift */ = {isa = PBXFileReference; lastKnownFileType = sourcecode.swift; path = MainPresentetTest.swift; sourceTree = "<group>"; };
/* End PBXFileReference section */

/* Begin PBXFrameworksBuildPhase section */
		D0A97018291019C400FA6697 /* Frameworks */ = {
			isa = PBXFrameworksBuildPhase;
			buildActionMask = 2147483647;
			files = (
			);
			runOnlyForDeploymentPostprocessing = 0;
		};
		D0A9702E291019CD00FA6697 /* Frameworks */ = {
			isa = PBXFrameworksBuildPhase;
			buildActionMask = 2147483647;
			files = (
			);
			runOnlyForDeploymentPostprocessing = 0;
		};
		D0A97038291019CD00FA6697 /* Frameworks */ = {
			isa = PBXFrameworksBuildPhase;
			buildActionMask = 2147483647;
			files = (
			);
			runOnlyForDeploymentPostprocessing = 0;
		};
/* End PBXFrameworksBuildPhase section */

/* Begin PBXGroup section */
		D0A97012291019C400FA6697 = {
			isa = PBXGroup;
			children = (
				D0A9706029122A2800FA6697 /* Screenshot */,
				D0A9701D291019C400FA6697 /* Magic8Ball_CourseTask */,
				D0A97034291019CD00FA6697 /* Magic8Ball_CourseTaskTests */,
				D0A9703E291019CD00FA6697 /* Magic8Ball_CourseTaskUITests */,
				D0A9701C291019C400FA6697 /* Products */,
			);
			sourceTree = "<group>";
		};
		D0A9701C291019C400FA6697 /* Products */ = {
			isa = PBXGroup;
			children = (
				D0A9701B291019C400FA6697 /* Magic8Ball_CourseTask.app */,
				D0A97031291019CD00FA6697 /* Magic8Ball_CourseTaskTests.xctest */,
				D0A9703B291019CD00FA6697 /* Magic8Ball_CourseTaskUITests.xctest */,
			);
			name = Products;
			sourceTree = "<group>";
		};
		D0A9701D291019C400FA6697 /* Magic8Ball_CourseTask */ = {
			isa = PBXGroup;
			children = (
				D0A9701E291019C400FA6697 /* AppDelegate.swift */,
				D0A97020291019C400FA6697 /* SceneDelegate.swift */,
				D0A970512910293500FA6697 /* Helpers */,
				D0A970502910292800FA6697 /* MainModule */,
				D0A97027291019CC00FA6697 /* Assets.xcassets */,
				D0A97029291019CC00FA6697 /* LaunchScreen.storyboard */,
				D0A9702C291019CC00FA6697 /* Info.plist */,
			);
			path = Magic8Ball_CourseTask;
			sourceTree = "<group>";
		};
		D0A97034291019CD00FA6697 /* Magic8Ball_CourseTaskTests */ = {
			isa = PBXGroup;
			children = (
				D0A9705D291044CC00FA6697 /* TestMainModule */,
				D0A97035291019CD00FA6697 /* Magic8Ball_CourseTaskTests.swift */,
			);
			path = Magic8Ball_CourseTaskTests;
			sourceTree = "<group>";
		};
		D0A9703E291019CD00FA6697 /* Magic8Ball_CourseTaskUITests */ = {
			isa = PBXGroup;
			children = (
				D0A9703F291019CD00FA6697 /* Magic8Ball_CourseTaskUITests.swift */,
				D0A97041291019CD00FA6697 /* Magic8Ball_CourseTaskUITestsLaunchTests.swift */,
			);
			path = Magic8Ball_CourseTaskUITests;
			sourceTree = "<group>";
		};
		D0A970502910292800FA6697 /* MainModule */ = {
			isa = PBXGroup;
			children = (
				D0A97058291030FB00FA6697 /* Assembly.swift */,
				D0A9705B2910311D00FA6697 /* Presenter */,
				D0A9705A2910310F00FA6697 /* View */,
				D0A9705C2910312E00FA6697 /* Model */,
				D0A970522910295F00FA6697 /* MainViewIO.swift */,
			);
			path = MainModule;
			sourceTree = "<group>";
		};
		D0A970512910293500FA6697 /* Helpers */ = {
			isa = PBXGroup;
			children = (
				D0A9704E29101C7000FA6697 /* Constants.swift */,
			);
			path = Helpers;
			sourceTree = "<group>";
		};
		D0A9705A2910310F00FA6697 /* View */ = {
			isa = PBXGroup;
			children = (
				D0A97022291019C400FA6697 /* MainViewController.swift */,
			);
			path = View;
			sourceTree = "<group>";
		};
		D0A9705B2910311D00FA6697 /* Presenter */ = {
			isa = PBXGroup;
			children = (
				D0A9705429102DCD00FA6697 /* MainPresenter.swift */,
			);
			path = Presenter;
			sourceTree = "<group>";
		};
		D0A9705C2910312E00FA6697 /* Model */ = {
			isa = PBXGroup;
			children = (
				D0A9705629102E7F00FA6697 /* Answer.swift */,
			);
			path = Model;
			sourceTree = "<group>";
		};
		D0A9705D291044CC00FA6697 /* TestMainModule */ = {
			isa = PBXGroup;
			children = (
				D0A9705E291044EB00FA6697 /* MainPresentetTest.swift */,
			);
			path = TestMainModule;
			sourceTree = "<group>";
		};
		D0A9706029122A2800FA6697 /* Screenshot */ = {
			isa = PBXGroup;
			children = (
				D07A0D6929152E4B00D49B06 /* screenshot1.png */,
				D07A0D6829152E4B00D49B06 /* screenshot2.png */,
			);
			path = Screenshot;
			sourceTree = "<group>";
		};
/* End PBXGroup section */

/* Begin PBXNativeTarget section */
		D0A9701A291019C400FA6697 /* Magic8Ball_CourseTask */ = {
			isa = PBXNativeTarget;
			buildConfigurationList = D0A97045291019CD00FA6697 /* Build configuration list for PBXNativeTarget "Magic8Ball_CourseTask" */;
			buildPhases = (
				D0A97017291019C400FA6697 /* Sources */,
				D0A97018291019C400FA6697 /* Frameworks */,
				D0A97019291019C400FA6697 /* Resources */,
			);
			buildRules = (
			);
			dependencies = (
			);
			name = Magic8Ball_CourseTask;
			productName = Magic8Ball_CourseTask;
			productReference = D0A9701B291019C400FA6697 /* Magic8Ball_CourseTask.app */;
			productType = "com.apple.product-type.application";
		};
		D0A97030291019CD00FA6697 /* Magic8Ball_CourseTaskTests */ = {
			isa = PBXNativeTarget;
			buildConfigurationList = D0A97048291019CD00FA6697 /* Build configuration list for PBXNativeTarget "Magic8Ball_CourseTaskTests" */;
			buildPhases = (
				D0A9702D291019CD00FA6697 /* Sources */,
				D0A9702E291019CD00FA6697 /* Frameworks */,
				D0A9702F291019CD00FA6697 /* Resources */,
			);
			buildRules = (
			);
			dependencies = (
				D0A97033291019CD00FA6697 /* PBXTargetDependency */,
			);
			name = Magic8Ball_CourseTaskTests;
			productName = Magic8Ball_CourseTaskTests;
			productReference = D0A97031291019CD00FA6697 /* Magic8Ball_CourseTaskTests.xctest */;
			productType = "com.apple.product-type.bundle.unit-test";
		};
		D0A9703A291019CD00FA6697 /* Magic8Ball_CourseTaskUITests */ = {
			isa = PBXNativeTarget;
			buildConfigurationList = D0A9704B291019CD00FA6697 /* Build configuration list for PBXNativeTarget "Magic8Ball_CourseTaskUITests" */;
			buildPhases = (
				D0A97037291019CD00FA6697 /* Sources */,
				D0A97038291019CD00FA6697 /* Frameworks */,
				D0A97039291019CD00FA6697 /* Resources */,
			);
			buildRules = (
			);
			dependencies = (
				D0A9703D291019CD00FA6697 /* PBXTargetDependency */,
			);
			name = Magic8Ball_CourseTaskUITests;
			productName = Magic8Ball_CourseTaskUITests;
			productReference = D0A9703B291019CD00FA6697 /* Magic8Ball_CourseTaskUITests.xctest */;
			productType = "com.apple.product-type.bundle.ui-testing";
		};
/* End PBXNativeTarget section */

/* Begin PBXProject section */
		D0A97013291019C400FA6697 /* Project object */ = {
			isa = PBXProject;
			attributes = {
				BuildIndependentTargetsInParallel = 1;
				LastSwiftUpdateCheck = 1400;
				LastUpgradeCheck = 1400;
				TargetAttributes = {
					D0A9701A291019C400FA6697 = {
						CreatedOnToolsVersion = 14.0.1;
					};
					D0A97030291019CD00FA6697 = {
						CreatedOnToolsVersion = 14.0.1;
						TestTargetID = D0A9701A291019C400FA6697;
					};
					D0A9703A291019CD00FA6697 = {
						CreatedOnToolsVersion = 14.0.1;
						TestTargetID = D0A9701A291019C400FA6697;
					};
				};
			};
			buildConfigurationList = D0A97016291019C400FA6697 /* Build configuration list for PBXProject "Magic8Ball_CourseTask" */;
			compatibilityVersion = "Xcode 14.0";
			developmentRegion = en;
			hasScannedForEncodings = 0;
			knownRegions = (
				en,
				Base,
			);
			mainGroup = D0A97012291019C400FA6697;
			productRefGroup = D0A9701C291019C400FA6697 /* Products */;
			projectDirPath = "";
			projectRoot = "";
			targets = (
				D0A9701A291019C400FA6697 /* Magic8Ball_CourseTask */,
				D0A97030291019CD00FA6697 /* Magic8Ball_CourseTaskTests */,
				D0A9703A291019CD00FA6697 /* Magic8Ball_CourseTaskUITests */,
			);
		};
/* End PBXProject section */

/* Begin PBXResourcesBuildPhase section */
		D0A97019291019C400FA6697 /* Resources */ = {
			isa = PBXResourcesBuildPhase;
			buildActionMask = 2147483647;
			files = (
				D07A0D6A29152E4B00D49B06 /* screenshot2.png in Resources */,
				D07A0D6B29152E4B00D49B06 /* screenshot1.png in Resources */,
				D0A9702B291019CC00FA6697 /* LaunchScreen.storyboard in Resources */,
				D0A97028291019CC00FA6697 /* Assets.xcassets in Resources */,
			);
			runOnlyForDeploymentPostprocessing = 0;
		};
		D0A9702F291019CD00FA6697 /* Resources */ = {
			isa = PBXResourcesBuildPhase;
			buildActionMask = 2147483647;
			files = (
			);
			runOnlyForDeploymentPostprocessing = 0;
		};
		D0A97039291019CD00FA6697 /* Resources */ = {
			isa = PBXResourcesBuildPhase;
			buildActionMask = 2147483647;
			files = (
			);
			runOnlyForDeploymentPostprocessing = 0;
		};
/* End PBXResourcesBuildPhase section */

/* Begin PBXSourcesBuildPhase section */
		D0A97017291019C400FA6697 /* Sources */ = {
			isa = PBXSourcesBuildPhase;
			buildActionMask = 2147483647;
			files = (
				D0A97023291019C400FA6697 /* MainViewController.swift in Sources */,
				D0A97059291030FB00FA6697 /* Assembly.swift in Sources */,
				D0A9705529102DCD00FA6697 /* MainPresenter.swift in Sources */,
				D0A9701F291019C400FA6697 /* AppDelegate.swift in Sources */,
				D0A9705729102E7F00FA6697 /* Answer.swift in Sources */,
				D0A970532910295F00FA6697 /* MainViewIO.swift in Sources */,
				D0A97021291019C400FA6697 /* SceneDelegate.swift in Sources */,
				D0A9704F29101C7000FA6697 /* Constants.swift in Sources */,
			);
			runOnlyForDeploymentPostprocessing = 0;
		};
		D0A9702D291019CD00FA6697 /* Sources */ = {
			isa = PBXSourcesBuildPhase;
			buildActionMask = 2147483647;
			files = (
				D0A97036291019CD00FA6697 /* Magic8Ball_CourseTaskTests.swift in Sources */,
				D0A9705F291044EC00FA6697 /* MainPresentetTest.swift in Sources */,
			);
			runOnlyForDeploymentPostprocessing = 0;
		};
		D0A97037291019CD00FA6697 /* Sources */ = {
			isa = PBXSourcesBuildPhase;
			buildActionMask = 2147483647;
			files = (
				D0A97042291019CD00FA6697 /* Magic8Ball_CourseTaskUITestsLaunchTests.swift in Sources */,
				D0A97040291019CD00FA6697 /* Magic8Ball_CourseTaskUITests.swift in Sources */,
			);
			runOnlyForDeploymentPostprocessing = 0;
		};
/* End PBXSourcesBuildPhase section */

/* Begin PBXTargetDependency section */
		D0A97033291019CD00FA6697 /* PBXTargetDependency */ = {
			isa = PBXTargetDependency;
			target = D0A9701A291019C400FA6697 /* Magic8Ball_CourseTask */;
			targetProxy = D0A97032291019CD00FA6697 /* PBXContainerItemProxy */;
		};
		D0A9703D291019CD00FA6697 /* PBXTargetDependency */ = {
			isa = PBXTargetDependency;
			target = D0A9701A291019C400FA6697 /* Magic8Ball_CourseTask */;
			targetProxy = D0A9703C291019CD00FA6697 /* PBXContainerItemProxy */;
		};
/* End PBXTargetDependency section */

/* Begin PBXVariantGroup section */
		D0A97029291019CC00FA6697 /* LaunchScreen.storyboard */ = {
			isa = PBXVariantGroup;
			children = (
				D0A9702A291019CC00FA6697 /* Base */,
			);
			name = LaunchScreen.storyboard;
			sourceTree = "<group>";
		};
/* End PBXVariantGroup section */

/* Begin XCBuildConfiguration section */
		D0A97043291019CD00FA6697 /* Debug */ = {
			isa = XCBuildConfiguration;
			buildSettings = {
				ALWAYS_SEARCH_USER_PATHS = NO;
				CLANG_ANALYZER_NONNULL = YES;
				CLANG_ANALYZER_NUMBER_OBJECT_CONVERSION = YES_AGGRESSIVE;
				CLANG_CXX_LANGUAGE_STANDARD = "gnu++20";
				CLANG_ENABLE_MODULES = YES;
				CLANG_ENABLE_OBJC_ARC = YES;
				CLANG_ENABLE_OBJC_WEAK = YES;
				CLANG_WARN_BLOCK_CAPTURE_AUTORELEASING = YES;
				CLANG_WARN_BOOL_CONVERSION = YES;
				CLANG_WARN_COMMA = YES;
				CLANG_WARN_CONSTANT_CONVERSION = YES;
				CLANG_WARN_DEPRECATED_OBJC_IMPLEMENTATIONS = YES;
				CLANG_WARN_DIRECT_OBJC_ISA_USAGE = YES_ERROR;
				CLANG_WARN_DOCUMENTATION_COMMENTS = YES;
				CLANG_WARN_EMPTY_BODY = YES;
				CLANG_WARN_ENUM_CONVERSION = YES;
				CLANG_WARN_INFINITE_RECURSION = YES;
				CLANG_WARN_INT_CONVERSION = YES;
				CLANG_WARN_NON_LITERAL_NULL_CONVERSION = YES;
				CLANG_WARN_OBJC_IMPLICIT_RETAIN_SELF = YES;
				CLANG_WARN_OBJC_LITERAL_CONVERSION = YES;
				CLANG_WARN_OBJC_ROOT_CLASS = YES_ERROR;
				CLANG_WARN_QUOTED_INCLUDE_IN_FRAMEWORK_HEADER = YES;
				CLANG_WARN_RANGE_LOOP_ANALYSIS = YES;
				CLANG_WARN_STRICT_PROTOTYPES = YES;
				CLANG_WARN_SUSPICIOUS_MOVE = YES;
				CLANG_WARN_UNGUARDED_AVAILABILITY = YES_AGGRESSIVE;
				CLANG_WARN_UNREACHABLE_CODE = YES;
				CLANG_WARN__DUPLICATE_METHOD_MATCH = YES;
				COPY_PHASE_STRIP = NO;
				DEBUG_INFORMATION_FORMAT = dwarf;
				ENABLE_STRICT_OBJC_MSGSEND = YES;
				ENABLE_TESTABILITY = YES;
				GCC_C_LANGUAGE_STANDARD = gnu11;
				GCC_DYNAMIC_NO_PIC = NO;
				GCC_NO_COMMON_BLOCKS = YES;
				GCC_OPTIMIZATION_LEVEL = 0;
				GCC_PREPROCESSOR_DEFINITIONS = (
					"DEBUG=1",
					"$(inherited)",
				);
				GCC_WARN_64_TO_32_BIT_CONVERSION = YES;
				GCC_WARN_ABOUT_RETURN_TYPE = YES_ERROR;
				GCC_WARN_UNDECLARED_SELECTOR = YES;
				GCC_WARN_UNINITIALIZED_AUTOS = YES_AGGRESSIVE;
				GCC_WARN_UNUSED_FUNCTION = YES;
				GCC_WARN_UNUSED_VARIABLE = YES;
				IPHONEOS_DEPLOYMENT_TARGET = 14.3;
				MTL_ENABLE_DEBUG_INFO = INCLUDE_SOURCE;
				MTL_FAST_MATH = YES;
				ONLY_ACTIVE_ARCH = YES;
				SDKROOT = iphoneos;
				SWIFT_ACTIVE_COMPILATION_CONDITIONS = DEBUG;
				SWIFT_OPTIMIZATION_LEVEL = "-Onone";
			};
			name = Debug;
		};
		D0A97044291019CD00FA6697 /* Release */ = {
			isa = XCBuildConfiguration;
			buildSettings = {
				ALWAYS_SEARCH_USER_PATHS = NO;
				CLANG_ANALYZER_NONNULL = YES;
				CLANG_ANALYZER_NUMBER_OBJECT_CONVERSION = YES_AGGRESSIVE;
				CLANG_CXX_LANGUAGE_STANDARD = "gnu++20";
				CLANG_ENABLE_MODULES = YES;
				CLANG_ENABLE_OBJC_ARC = YES;
				CLANG_ENABLE_OBJC_WEAK = YES;
				CLANG_WARN_BLOCK_CAPTURE_AUTORELEASING = YES;
				CLANG_WARN_BOOL_CONVERSION = YES;
				CLANG_WARN_COMMA = YES;
				CLANG_WARN_CONSTANT_CONVERSION = YES;
				CLANG_WARN_DEPRECATED_OBJC_IMPLEMENTATIONS = YES;
				CLANG_WARN_DIRECT_OBJC_ISA_USAGE = YES_ERROR;
				CLANG_WARN_DOCUMENTATION_COMMENTS = YES;
				CLANG_WARN_EMPTY_BODY = YES;
				CLANG_WARN_ENUM_CONVERSION = YES;
				CLANG_WARN_INFINITE_RECURSION = YES;
				CLANG_WARN_INT_CONVERSION = YES;
				CLANG_WARN_NON_LITERAL_NULL_CONVERSION = YES;
				CLANG_WARN_OBJC_IMPLICIT_RETAIN_SELF = YES;
				CLANG_WARN_OBJC_LITERAL_CONVERSION = YES;
				CLANG_WARN_OBJC_ROOT_CLASS = YES_ERROR;
				CLANG_WARN_QUOTED_INCLUDE_IN_FRAMEWORK_HEADER = YES;
				CLANG_WARN_RANGE_LOOP_ANALYSIS = YES;
				CLANG_WARN_STRICT_PROTOTYPES = YES;
				CLANG_WARN_SUSPICIOUS_MOVE = YES;
				CLANG_WARN_UNGUARDED_AVAILABILITY = YES_AGGRESSIVE;
				CLANG_WARN_UNREACHABLE_CODE = YES;
				CLANG_WARN__DUPLICATE_METHOD_MATCH = YES;
				COPY_PHASE_STRIP = NO;
				DEBUG_INFORMATION_FORMAT = "dwarf-with-dsym";
				ENABLE_NS_ASSERTIONS = NO;
				ENABLE_STRICT_OBJC_MSGSEND = YES;
				GCC_C_LANGUAGE_STANDARD = gnu11;
				GCC_NO_COMMON_BLOCKS = YES;
				GCC_WARN_64_TO_32_BIT_CONVERSION = YES;
				GCC_WARN_ABOUT_RETURN_TYPE = YES_ERROR;
				GCC_WARN_UNDECLARED_SELECTOR = YES;
				GCC_WARN_UNINITIALIZED_AUTOS = YES_AGGRESSIVE;
				GCC_WARN_UNUSED_FUNCTION = YES;
				GCC_WARN_UNUSED_VARIABLE = YES;
				IPHONEOS_DEPLOYMENT_TARGET = 14.3;
				MTL_ENABLE_DEBUG_INFO = NO;
				MTL_FAST_MATH = YES;
				SDKROOT = iphoneos;
				SWIFT_COMPILATION_MODE = wholemodule;
				SWIFT_OPTIMIZATION_LEVEL = "-O";
				VALIDATE_PRODUCT = YES;
			};
			name = Release;
		};
		D0A97046291019CD00FA6697 /* Debug */ = {
			isa = XCBuildConfiguration;
			buildSettings = {
				ASSETCATALOG_COMPILER_APPICON_NAME = AppIcon;
				ASSETCATALOG_COMPILER_GLOBAL_ACCENT_COLOR_NAME = AccentColor;
				CODE_SIGN_STYLE = Automatic;
				CURRENT_PROJECT_VERSION = 1;
				DEVELOPMENT_TEAM = 2S52Q5VDX5;
				GENERATE_INFOPLIST_FILE = YES;
				INFOPLIST_FILE = Magic8Ball_CourseTask/Info.plist;
				INFOPLIST_KEY_UIApplicationSupportsIndirectInputEvents = YES;
				INFOPLIST_KEY_UILaunchStoryboardName = LaunchScreen;
				INFOPLIST_KEY_UISupportedInterfaceOrientations = UIInterfaceOrientationPortrait;
				INFOPLIST_KEY_UISupportedInterfaceOrientations_iPad = "UIInterfaceOrientationLandscapeLeft UIInterfaceOrientationLandscapeRight UIInterfaceOrientationPortrait UIInterfaceOrientationPortraitUpsideDown";
				IPHONEOS_DEPLOYMENT_TARGET = 14.3;
				LD_RUNPATH_SEARCH_PATHS = (
					"$(inherited)",
					"@executable_path/Frameworks",
				);
				MARKETING_VERSION = 1.0;
				PRODUCT_BUNDLE_IDENTIFIER = "com.a.pride.Magic8Ball-CourseTask";
				PRODUCT_NAME = "$(TARGET_NAME)";
				SUPPORTED_PLATFORMS = "iphoneos iphonesimulator";
				SUPPORTS_MACCATALYST = NO;
				SUPPORTS_MAC_DESIGNED_FOR_IPHONE_IPAD = NO;
				SWIFT_EMIT_LOC_STRINGS = YES;
				SWIFT_VERSION = 5.0;
				TARGETED_DEVICE_FAMILY = 1;
			};
			name = Debug;
		};
		D0A97047291019CD00FA6697 /* Release */ = {
			isa = XCBuildConfiguration;
			buildSettings = {
				ASSETCATALOG_COMPILER_APPICON_NAME = AppIcon;
				ASSETCATALOG_COMPILER_GLOBAL_ACCENT_COLOR_NAME = AccentColor;
				CODE_SIGN_STYLE = Automatic;
				CURRENT_PROJECT_VERSION = 1;
				DEVELOPMENT_TEAM = 2S52Q5VDX5;
				GENERATE_INFOPLIST_FILE = YES;
				INFOPLIST_FILE = Magic8Ball_CourseTask/Info.plist;
				INFOPLIST_KEY_UIApplicationSupportsIndirectInputEvents = YES;
				INFOPLIST_KEY_UILaunchStoryboardName = LaunchScreen;
				INFOPLIST_KEY_UISupportedInterfaceOrientations = UIInterfaceOrientationPortrait;
				INFOPLIST_KEY_UISupportedInterfaceOrientations_iPad = "UIInterfaceOrientationLandscapeLeft UIInterfaceOrientationLandscapeRight UIInterfaceOrientationPortrait UIInterfaceOrientationPortraitUpsideDown";
				IPHONEOS_DEPLOYMENT_TARGET = 14.3;
				LD_RUNPATH_SEARCH_PATHS = (
					"$(inherited)",
					"@executable_path/Frameworks",
				);
				MARKETING_VERSION = 1.0;
				PRODUCT_BUNDLE_IDENTIFIER = "com.a.pride.Magic8Ball-CourseTask";
				PRODUCT_NAME = "$(TARGET_NAME)";
				SUPPORTED_PLATFORMS = "iphoneos iphonesimulator";
				SUPPORTS_MACCATALYST = NO;
				SUPPORTS_MAC_DESIGNED_FOR_IPHONE_IPAD = NO;
				SWIFT_EMIT_LOC_STRINGS = YES;
				SWIFT_VERSION = 5.0;
				TARGETED_DEVICE_FAMILY = 1;
			};
			name = Release;
		};
		D0A97049291019CD00FA6697 /* Debug */ = {
			isa = XCBuildConfiguration;
			buildSettings = {
				ALWAYS_EMBED_SWIFT_STANDARD_LIBRARIES = YES;
				BUNDLE_LOADER = "$(TEST_HOST)";
				CODE_SIGN_STYLE = Automatic;
				CURRENT_PROJECT_VERSION = 1;
				DEVELOPMENT_TEAM = 2S52Q5VDX5;
				GENERATE_INFOPLIST_FILE = YES;
				IPHONEOS_DEPLOYMENT_TARGET = 14.3;
				MARKETING_VERSION = 1.0;
				PRODUCT_BUNDLE_IDENTIFIER = "com.a.pride.Magic8Ball-CourseTaskTests";
				PRODUCT_NAME = "$(TARGET_NAME)";
				SUPPORTED_PLATFORMS = "iphoneos iphonesimulator";
				SUPPORTS_MACCATALYST = NO;
				SUPPORTS_MAC_DESIGNED_FOR_IPHONE_IPAD = NO;
				SWIFT_EMIT_LOC_STRINGS = NO;
				SWIFT_VERSION = 5.0;
				TARGETED_DEVICE_FAMILY = 1;
				TEST_HOST = "$(BUILT_PRODUCTS_DIR)/Magic8Ball_CourseTask.app/$(BUNDLE_EXECUTABLE_FOLDER_PATH)/Magic8Ball_CourseTask";
			};
			name = Debug;
		};
		D0A9704A291019CD00FA6697 /* Release */ = {
			isa = XCBuildConfiguration;
			buildSettings = {
				ALWAYS_EMBED_SWIFT_STANDARD_LIBRARIES = YES;
				BUNDLE_LOADER = "$(TEST_HOST)";
				CODE_SIGN_STYLE = Automatic;
				CURRENT_PROJECT_VERSION = 1;
				DEVELOPMENT_TEAM = 2S52Q5VDX5;
				GENERATE_INFOPLIST_FILE = YES;
				IPHONEOS_DEPLOYMENT_TARGET = 14.3;
				MARKETING_VERSION = 1.0;
				PRODUCT_BUNDLE_IDENTIFIER = "com.a.pride.Magic8Ball-CourseTaskTests";
				PRODUCT_NAME = "$(TARGET_NAME)";
				SUPPORTED_PLATFORMS = "iphoneos iphonesimulator";
				SUPPORTS_MACCATALYST = NO;
				SUPPORTS_MAC_DESIGNED_FOR_IPHONE_IPAD = NO;
				SWIFT_EMIT_LOC_STRINGS = NO;
				SWIFT_VERSION = 5.0;
				TARGETED_DEVICE_FAMILY = 1;
				TEST_HOST = "$(BUILT_PRODUCTS_DIR)/Magic8Ball_CourseTask.app/$(BUNDLE_EXECUTABLE_FOLDER_PATH)/Magic8Ball_CourseTask";
			};
			name = Release;
		};
		D0A9704C291019CD00FA6697 /* Debug */ = {
			isa = XCBuildConfiguration;
			buildSettings = {
				ALWAYS_EMBED_SWIFT_STANDARD_LIBRARIES = YES;
				CODE_SIGN_STYLE = Automatic;
				CURRENT_PROJECT_VERSION = 1;
				DEVELOPMENT_TEAM = 2S52Q5VDX5;
				GENERATE_INFOPLIST_FILE = YES;
				MARKETING_VERSION = 1.0;
				PRODUCT_BUNDLE_IDENTIFIER = "com.a.pride.Magic8Ball-CourseTaskUITests";
				PRODUCT_NAME = "$(TARGET_NAME)";
				SWIFT_EMIT_LOC_STRINGS = NO;
				SWIFT_VERSION = 5.0;
				TARGETED_DEVICE_FAMILY = "1,2";
				TEST_TARGET_NAME = Magic8Ball_CourseTask;
			};
			name = Debug;
		};
		D0A9704D291019CD00FA6697 /* Release */ = {
			isa = XCBuildConfiguration;
			buildSettings = {
				ALWAYS_EMBED_SWIFT_STANDARD_LIBRARIES = YES;
				CODE_SIGN_STYLE = Automatic;
				CURRENT_PROJECT_VERSION = 1;
				DEVELOPMENT_TEAM = 2S52Q5VDX5;
				GENERATE_INFOPLIST_FILE = YES;
				MARKETING_VERSION = 1.0;
				PRODUCT_BUNDLE_IDENTIFIER = "com.a.pride.Magic8Ball-CourseTaskUITests";
				PRODUCT_NAME = "$(TARGET_NAME)";
				SWIFT_EMIT_LOC_STRINGS = NO;
				SWIFT_VERSION = 5.0;
				TARGETED_DEVICE_FAMILY = "1,2";
				TEST_TARGET_NAME = Magic8Ball_CourseTask;
			};
			name = Release;
		};
/* End XCBuildConfiguration section */

/* Begin XCConfigurationList section */
		D0A97016291019C400FA6697 /* Build configuration list for PBXProject "Magic8Ball_CourseTask" */ = {
			isa = XCConfigurationList;
			buildConfigurations = (
				D0A97043291019CD00FA6697 /* Debug */,
				D0A97044291019CD00FA6697 /* Release */,
			);
			defaultConfigurationIsVisible = 0;
			defaultConfigurationName = Release;
		};
		D0A97045291019CD00FA6697 /* Build configuration list for PBXNativeTarget "Magic8Ball_CourseTask" */ = {
			isa = XCConfigurationList;
			buildConfigurations = (
				D0A97046291019CD00FA6697 /* Debug */,
				D0A97047291019CD00FA6697 /* Release */,
			);
			defaultConfigurationIsVisible = 0;
			defaultConfigurationName = Release;
		};
		D0A97048291019CD00FA6697 /* Build configuration list for PBXNativeTarget "Magic8Ball_CourseTaskTests" */ = {
			isa = XCConfigurationList;
			buildConfigurations = (
				D0A97049291019CD00FA6697 /* Debug */,
				D0A9704A291019CD00FA6697 /* Release */,
			);
			defaultConfigurationIsVisible = 0;
			defaultConfigurationName = Release;
		};
		D0A9704B291019CD00FA6697 /* Build configuration list for PBXNativeTarget "Magic8Ball_CourseTaskUITests" */ = {
			isa = XCConfigurationList;
			buildConfigurations = (
				D0A9704C291019CD00FA6697 /* Debug */,
				D0A9704D291019CD00FA6697 /* Release */,
			);
			defaultConfigurationIsVisible = 0;
			defaultConfigurationName = Release;
		};
/* End XCConfigurationList section */
	};
	rootObject = D0A97013291019C400FA6697 /* Project object */;
}
